
Microsoft Visual Studio Solution File, Format Version 12.00
# Visual Studio Version 16
VisualStudioVersion = 16.0.31702.278
MinimumVisualStudioVersion = 10.0.40219.1
Project("{9A19103F-16F7-4668-BE54-9A1E7A4F7556}") = "OWTCNavigatorClasses", "OWTCNavigatorClasses\OWTCNavigatorClasses.csproj", "{44B10E76-4622-408A-A747-891707C823F0}"
EndProject
Project("{FAE04EC0-301F-11D3-BF4B-00C04F79EFBC}") = "TestApp", "TestApp\TestApp.csproj", "{992DD489-468B-4CFC-B2A2-8677CEBFA102}"
EndProject
Global
	GlobalSection(SolutionConfigurationPlatforms) = preSolution
		Debug|Any CPU = Debug|Any CPU
		Release|Any CPU = Release|Any CPU
	EndGlobalSection
	GlobalSection(ProjectConfigurationPlatforms) = postSolution
		{44B10E76-4622-408A-A747-891707C823F0}.Debug|Any CPU.ActiveCfg = Debug|Any CPU
		{44B10E76-4622-408A-A747-891707C823F0}.Debug|Any CPU.Build.0 = Debug|Any CPU
		{44B10E76-4622-408A-A747-891707C823F0}.Release|Any CPU.ActiveCfg = Release|Any CPU
		{44B10E76-4622-408A-A747-891707C823F0}.Release|Any CPU.Build.0 = Release|Any CPU
		{992DD489-468B-4CFC-B2A2-8677CEBFA102}.Debug|Any CPU.ActiveCfg = Debug|Any CPU
		{992DD489-468B-4CFC-B2A2-8677CEBFA102}.Debug|Any CPU.Build.0 = Debug|Any CPU
		{992DD489-468B-4CFC-B2A2-8677CEBFA102}.Release|Any CPU.ActiveCfg = Release|Any CPU
		{992DD489-468B-4CFC-B2A2-8677CEBFA102}.Release|Any CPU.Build.0 = Release|Any CPU
	EndGlobalSection
	GlobalSection(SolutionProperties) = preSolution
		HideSolutionNode = FALSE
	EndGlobalSection
	GlobalSection(ExtensibilityGlobals) = postSolution
		SolutionGuid = {18CA8006-005C-48CC-8163-E6C0F9AABAD9}
	EndGlobalSection
EndGlobal
