
Microsoft Visual Studio Solution File, Format Version 12.00
# Visual Studio Version 17
VisualStudioVersion = 17.1.31903.286
MinimumVisualStudioVersion = 10.0.40219.1
Project("{FAE04EC0-301F-11D3-BF4B-00C04F79EFBC}") = "OWTCNavigatorClasses", "OWTCNavigatorClasses\OWTCNavigatorClasses.csproj", "{DD98836C-8A7D-47D6-BEF1-73E5970CF77A}"
EndProject
Project("{FAE04EC0-301F-11D3-BF4B-00C04F79EFBC}") = "OWTCNavigator", "OWTCNavigator\OWTCNavigator.csproj", "{DA2BAD77-D3AF-461D-AE7E-3F5C2D3D15F4}"
EndProject
Global
	GlobalSection(SolutionConfigurationPlatforms) = preSolution
		Debug|Any CPU = Debug|Any CPU
		Release|Any CPU = Release|Any CPU
	EndGlobalSection
	GlobalSection(ProjectConfigurationPlatforms) = postSolution
		{DD98836C-8A7D-47D6-BEF1-73E5970CF77A}.Debug|Any CPU.ActiveCfg = Debug|Any CPU
		{DD98836C-8A7D-47D6-BEF1-73E5970CF77A}.Debug|Any CPU.Build.0 = Debug|Any CPU
		{DD98836C-8A7D-47D6-BEF1-73E5970CF77A}.Release|Any CPU.ActiveCfg = Release|Any CPU
		{DD98836C-8A7D-47D6-BEF1-73E5970CF77A}.Release|Any CPU.Build.0 = Release|Any CPU
		{DA2BAD77-D3AF-461D-AE7E-3F5C2D3D15F4}.Debug|Any CPU.ActiveCfg = Debug|Any CPU
		{DA2BAD77-D3AF-461D-AE7E-3F5C2D3D15F4}.Debug|Any CPU.Build.0 = Debug|Any CPU
		{DA2BAD77-D3AF-461D-AE7E-3F5C2D3D15F4}.Release|Any CPU.ActiveCfg = Release|Any CPU
		{DA2BAD77-D3AF-461D-AE7E-3F5C2D3D15F4}.Release|Any CPU.Build.0 = Release|Any CPU
	EndGlobalSection
	GlobalSection(SolutionProperties) = preSolution
		HideSolutionNode = FALSE
	EndGlobalSection
	GlobalSection(ExtensibilityGlobals) = postSolution
		SolutionGuid = {BE0267D7-F202-4605-B571-75BD8B7618C3}
	EndGlobalSection
EndGlobal
